
Microsoft Visual Studio Solution File, Format Version 12.00
# Visual Studio Version 16
VisualStudioVersion = 16.0.31729.503
MinimumVisualStudioVersion = 10.0.40219.1
Project("{9A19103F-16F7-4668-BE54-9A1E7A4F7556}") = "01.006", "01.006\01.006.csproj", "{1D13A430-C359-4EF1-9BCF-0C16DBDBA532}"
EndProject
Project("{9A19103F-16F7-4668-BE54-9A1E7A4F7556}") = "02.027", "02.027\02.027.csproj", "{DBE77B95-CF69-486B-960B-EC2C25D2D4FC}"
EndProject
Project("{9A19103F-16F7-4668-BE54-9A1E7A4F7556}") = "01.027", "01.027\01.027.csproj", "{AD0455C9-1929-4098-989F-DD7C4922F765}"
EndProject
Project("{9A19103F-16F7-4668-BE54-9A1E7A4F7556}") = "03.027", "03.027\03.027.csproj", "{551D51F6-F8BA-4A97-9946-B68FEAFB79FA}"
EndProject
Project("{9A19103F-16F7-4668-BE54-9A1E7A4F7556}") = "04.027", "04.027\04.027.csproj", "{23BE0FA2-8405-409D-9798-EDDBE40BFD02}"
EndProject
Project("{9A19103F-16F7-4668-BE54-9A1E7A4F7556}") = "05.027", "05.027\05.027.csproj", "{98D44F64-2B69-40E8-A9D0-8E8EF34D42D6}"
EndProject
Project("{9A19103F-16F7-4668-BE54-9A1E7A4F7556}") = "08.027", "08.027\08.027.csproj", "{C2431479-A3B7-4CE6-9647-810860E258A3}"
EndProject
Project("{9A19103F-16F7-4668-BE54-9A1E7A4F7556}") = "09.027", "09.027\09.027.csproj", "{50A3BB2B-D344-4D76-9EA8-24FE0168509E}"
EndProject
Project("{9A19103F-16F7-4668-BE54-9A1E7A4F7556}") = "10.027", "10.027\10.027.csproj", "{D963EC7D-18C2-4AF8-A6EB-9852C9563BBB}"
EndProject
Project("{9A19103F-16F7-4668-BE54-9A1E7A4F7556}") = "11.027", "11.027\11.027.csproj", "{D2ADF6DA-3D27-4FC2-832C-CA9A3283C6A7}"
EndProject
Project("{9A19103F-16F7-4668-BE54-9A1E7A4F7556}") = "12.027", "12.027\12.027.csproj", "{F235233E-0589-4465-9CF8-0DD9739D44A7}"
EndProject
Project("{9A19103F-16F7-4668-BE54-9A1E7A4F7556}") = "13.027", "13.027\13.027.csproj", "{CC273253-234C-4ACB-8424-C376DE08EBE7}"
EndProject
Project("{9A19103F-16F7-4668-BE54-9A1E7A4F7556}") = "01.057", "01.057\01.057.csproj", "{D03405BD-8061-41FA-BF96-43A0CD08C2B7}"
EndProject
Project("{9A19103F-16F7-4668-BE54-9A1E7A4F7556}") = "04.057", "04.057\04.057.csproj", "{6F63A1CA-9E5D-4805-A516-29FC65534721}"
EndProject
Project("{9A19103F-16F7-4668-BE54-9A1E7A4F7556}") = "04.087", "04.087\04.087.csproj", "{BF2384E0-2111-4E07-B9DD-041EBF12BA33}"
EndProject
Project("{9A19103F-16F7-4668-BE54-9A1E7A4F7556}") = "04.117", "04.117\04.117.csproj", "{65D8459F-436A-4B56-9532-D7B076F5498A}"
EndProject
Project("{9A19103F-16F7-4668-BE54-9A1E7A4F7556}") = "05.057", "05.057\05.057.csproj", "{CA09D0CD-411C-40CC-8D38-B88731E843FD}"
EndProject
Project("{FAE04EC0-301F-11D3-BF4B-00C04F79EFBC}") = "05.087", "05.087\05.087.csproj", "{18BB96DC-093A-43CF-A7D5-F65C866E5EA2}"
EndProject
Project("{FAE04EC0-301F-11D3-BF4B-00C04F79EFBC}") = "06.057", "06.057\06.057.csproj", "{AB2BE87E-6AF7-4AF4-AFC4-4416846A88B1}"
EndProject
Project("{FAE04EC0-301F-11D3-BF4B-00C04F79EFBC}") = "06.087", "06.087\06.087.csproj", "{9C6FA84A-6490-4248-A7C0-359CE5A19A18}"
EndProject
Project("{9A19103F-16F7-4668-BE54-9A1E7A4F7556}") = "07.057", "07.057\07.057.csproj", "{F7851537-11C0-495E-B607-C0A96F685C99}"
EndProject
Project("{9A19103F-16F7-4668-BE54-9A1E7A4F7556}") = "07.087", "07.087\07.087.csproj", "{A6911589-BE51-458F-916A-7AAE40603F06}"
EndProject
Project("{9A19103F-16F7-4668-BE54-9A1E7A4F7556}") = "07.117", "07.117\07.117.csproj", "{203BA5E3-F030-477D-B174-D1B5E62BFE3A}"
EndProject
Project("{9A19103F-16F7-4668-BE54-9A1E7A4F7556}") = "08.057", "08.057\08.057.csproj", "{73C11CA4-C9EF-49A8-9444-D5F070A0CE45}"
EndProject
Project("{9A19103F-16F7-4668-BE54-9A1E7A4F7556}") = "09.057", "09.057\09.057.csproj", "{C4DC7400-09E3-446A-AAEA-FDBCBEE77DE5}"
EndProject
Project("{9A19103F-16F7-4668-BE54-9A1E7A4F7556}") = "09.087", "09.087\09.087.csproj", "{973C8CEC-691E-44F6-9750-17081C0C155B}"
EndProject
Project("{9A19103F-16F7-4668-BE54-9A1E7A4F7556}") = "09.117", "09.117\09.117.csproj", "{23A9C51D-2DA5-4D60-B6E4-A096807C6E4E}"
EndProject
Project("{9A19103F-16F7-4668-BE54-9A1E7A4F7556}") = "09.147", "09.147\09.147.csproj", "{3019BA80-5F23-4629-9D54-955C97DE9E43}"
EndProject
Project("{9A19103F-16F7-4668-BE54-9A1E7A4F7556}") = "06.027", "06.027\06.027.csproj", "{735DA540-DA02-423D-915C-95A709CD4DAE}"
EndProject
Project("{9A19103F-16F7-4668-BE54-9A1E7A4F7556}") = "07.027", "07.027\07.027.csproj", "{F1426A47-0D20-4205-A63B-7ED5E6CF758A}"
EndProject
Project("{9A19103F-16F7-4668-BE54-9A1E7A4F7556}") = "11.087", "11.087\11.087.csproj", "{AF25CE4A-6AB9-415D-8B32-E825FED96457}"
EndProject
Project("{9A19103F-16F7-4668-BE54-9A1E7A4F7556}") = "11.057", "11.057\11.057.csproj", "{4E8D7103-8C66-4DBE-97E0-2EFD0C034266}"
EndProject
Project("{9A19103F-16F7-4668-BE54-9A1E7A4F7556}") = "10.057", "10.057\10.057.csproj", "{FB17A150-A324-4A66-B7E1-1F6ECD05EBE0}"
EndProject
Project("{9A19103F-16F7-4668-BE54-9A1E7A4F7556}") = "09.177", "09.177\09.177.csproj", "{54F165DF-8D99-4472-B1F7-2DC3C643EFF0}"
EndProject
Project("{9A19103F-16F7-4668-BE54-9A1E7A4F7556}") = "11.117", "11.117\11.117.csproj", "{3A8EE83E-FF31-4357-B347-D21DF82DA313}"
EndProject
Project("{9A19103F-16F7-4668-BE54-9A1E7A4F7556}") = "11.147", "11.147\11.147.csproj", "{DA21A884-7B8A-41BD-9B16-6797E98B83CE}"
EndProject
Project("{9A19103F-16F7-4668-BE54-9A1E7A4F7556}") = "11.177", "11.177\11.177.csproj", "{E6CAA65D-F1A0-4C74-BB65-BDF2A78D5843}"
EndProject
Project("{9A19103F-16F7-4668-BE54-9A1E7A4F7556}") = "11.207", "11.207\11.207.csproj", "{CF535047-181B-428B-B3AE-0BEDC79A46A3}"
EndProject
Project("{9A19103F-16F7-4668-BE54-9A1E7A4F7556}") = "11.237", "11.237\11.237.csproj", "{8E8ED41E-C16C-4014-849B-A12984F06CBE}"
EndProject
Project("{9A19103F-16F7-4668-BE54-9A1E7A4F7556}") = "12.057", "12.057\12.057.csproj", "{2B0221B6-5127-4758-994C-5DA21CACC7F6}"
EndProject
Project("{9A19103F-16F7-4668-BE54-9A1E7A4F7556}") = "12.087", "12.087\12.087.csproj", "{6E256C48-2C10-4FDF-A7E5-135418C10CA7}"
EndProject
Project("{9A19103F-16F7-4668-BE54-9A1E7A4F7556}") = "12.117", "12.117\12.117.csproj", "{778A3265-4F3B-4F56-B529-4F1A77245FB2}"
EndProject
Project("{9A19103F-16F7-4668-BE54-9A1E7A4F7556}") = "12.147", "12.147\12.147.csproj", "{F15824DA-1625-428B-B5F1-DD1E6D12AF9A}"
EndProject
Project("{9A19103F-16F7-4668-BE54-9A1E7A4F7556}") = "12.177", "12.177\12.177.csproj", "{5926BA76-A36C-4BA1-BCEE-67A8A43245BB}"
EndProject
Project("{9A19103F-16F7-4668-BE54-9A1E7A4F7556}") = "12.207", "12.207\12.207.csproj", "{95C6FDDF-A2DB-4B42-8050-B1ABF201C7CB}"
EndProject
Project("{9A19103F-16F7-4668-BE54-9A1E7A4F7556}") = "begin27", "begin27\begin27.csproj", "{7318AD26-12D1-48E9-8578-BE5C270C639D}"
EndProject
Project("{9A19103F-16F7-4668-BE54-9A1E7A4F7556}") = "integer27", "integer27\integer27.csproj", "{296CD0EA-42D0-45D9-9846-AF5303AD55F8}"
EndProject
Project("{9A19103F-16F7-4668-BE54-9A1E7A4F7556}") = "boolean27", "boolean27\boolean27.csproj", "{14A7607F-3BC8-4FCA-9D1C-3CC3666BF66A}"
EndProject
Project("{FAE04EC0-301F-11D3-BF4B-00C04F79EFBC}") = "project01", "project01\project01.csproj", "{31F31F51-9A90-418B-812A-F4B8275FF25C}"
EndProject
Project("{9A19103F-16F7-4668-BE54-9A1E7A4F7556}") = "if27", "if27\if27.csproj", "{F1B1A9AF-D1E0-42C8-8536-17BF1F25D1F4}"
EndProject
Project("{9A19103F-16F7-4668-BE54-9A1E7A4F7556}") = "case7", "case7\case7.csproj", "{6B286862-124D-46B5-AAE1-AACC06D8C2A8}"
EndProject
Project("{9A19103F-16F7-4668-BE54-9A1E7A4F7556}") = "for27", "for27\for27.csproj", "{13B59195-019D-4629-A365-E6AB25DD0613}"
EndProject
Project("{9A19103F-16F7-4668-BE54-9A1E7A4F7556}") = "while27", "while27\while27.csproj", "{B2D74271-BF35-433A-8338-E1E807D0CACD}"
EndProject
Project("{9A19103F-16F7-4668-BE54-9A1E7A4F7556}") = "12.237", "12.237\12.237.csproj", "{7CC4EFAB-54E5-4187-97C6-D9B8E14B8667}"
EndProject
Project("{9A19103F-16F7-4668-BE54-9A1E7A4F7556}") = "12.267", "12.267\12.267.csproj", "{B80F4DB7-76AE-4421-9C63-8F61881B4376}"
EndProject
Project("{9A19103F-16F7-4668-BE54-9A1E7A4F7556}") = "14.27", "14.27\14.27.csproj", "{317291E9-C17D-4E40-9F8C-ED0230870C29}"
EndProject
Project("{9A19103F-16F7-4668-BE54-9A1E7A4F7556}") = "14.57", "14.57\14.57.csproj", "{5549D402-5565-448D-9848-08201011DF0D}"
EndProject
Project("{9A19103F-16F7-4668-BE54-9A1E7A4F7556}") = "15.27", "15.27\15.27.csproj", "{71BB519A-05D9-4237-8849-25E020D35826}"
EndProject
Project("{9A19103F-16F7-4668-BE54-9A1E7A4F7556}") = "boolean37", "boolean37\boolean37.csproj", "{82773318-50B0-4295-9CCD-DFFE82B79F38}"
EndProject
Project("{9A19103F-16F7-4668-BE54-9A1E7A4F7556}") = "for37", "for37\for37.csproj", "{2863E150-AF9C-4B55-948D-CDFDD100923F}"
EndProject
Project("{9A19103F-16F7-4668-BE54-9A1E7A4F7556}") = "series27", "series27\series27.csproj", "{67CE66D8-ADA8-4660-B42F-5BE68650A0E2}"
EndProject
Project("{9A19103F-16F7-4668-BE54-9A1E7A4F7556}") = "series37", "series37\series37.csproj", "{280E6BF7-7299-4091-B5D0-A85D7649F66E}"
EndProject
Project("{9A19103F-16F7-4668-BE54-9A1E7A4F7556}") = "proc27", "proc27\proc27.csproj", "{1480632F-A1D0-460B-97EF-B48F0720CC2A}"
EndProject
Project("{FAE04EC0-301F-11D3-BF4B-00C04F79EFBC}") = "proc56", "proc56\proc56.csproj", "{5EEC4233-B7DC-4424-A28D-4F58029BE6F2}"
EndProject
Project("{FAE04EC0-301F-11D3-BF4B-00C04F79EFBC}") = "proc57", "proc57\proc57.csproj", "{BA73A9A8-A68E-4B50-B4BF-21C9D86B96AA}"
	ProjectSection(ProjectDependencies) = postProject
		{5EEC4233-B7DC-4424-A28D-4F58029BE6F2} = {5EEC4233-B7DC-4424-A28D-4F58029BE6F2}
	EndProjectSection
EndProject
Project("{FAE04EC0-301F-11D3-BF4B-00C04F79EFBC}") = "minmax27", "minmax27\minmax27.csproj", "{0BA24ADB-1AE4-47E1-B4E2-66BDB050DE44}"
EndProject
Project("{FAE04EC0-301F-11D3-BF4B-00C04F79EFBC}") = "array17", "array17\array17.csproj", "{12FAA1F6-DF25-4DE0-9353-3767E6DC6937}"
EndProject
Project("{FAE04EC0-301F-11D3-BF4B-00C04F79EFBC}") = "array27", "array27\array27.csproj", "{CB741FE7-F056-489B-9115-05FCA9C4AB76}"
EndProject
Project("{FAE04EC0-301F-11D3-BF4B-00C04F79EFBC}") = "array57", "array57\array57.csproj", "{F133597C-286F-4935-961D-927F59A1B61B}"
EndProject
Project("{FAE04EC0-301F-11D3-BF4B-00C04F79EFBC}") = "array87", "array87\array87.csproj", "{ACC89182-8878-41D9-8EE0-6ED8D79D1851}"
EndProject
Global
	GlobalSection(SolutionConfigurationPlatforms) = preSolution
		Debug|Any CPU = Debug|Any CPU
		Release|Any CPU = Release|Any CPU
	EndGlobalSection
	GlobalSection(ProjectConfigurationPlatforms) = postSolution
		{1D13A430-C359-4EF1-9BCF-0C16DBDBA532}.Debug|Any CPU.ActiveCfg = Debug|Any CPU
		{1D13A430-C359-4EF1-9BCF-0C16DBDBA532}.Debug|Any CPU.Build.0 = Debug|Any CPU
		{1D13A430-C359-4EF1-9BCF-0C16DBDBA532}.Release|Any CPU.ActiveCfg = Release|Any CPU
		{1D13A430-C359-4EF1-9BCF-0C16DBDBA532}.Release|Any CPU.Build.0 = Release|Any CPU
		{DBE77B95-CF69-486B-960B-EC2C25D2D4FC}.Debug|Any CPU.ActiveCfg = Debug|Any CPU
		{DBE77B95-CF69-486B-960B-EC2C25D2D4FC}.Debug|Any CPU.Build.0 = Debug|Any CPU
		{DBE77B95-CF69-486B-960B-EC2C25D2D4FC}.Release|Any CPU.ActiveCfg = Release|Any CPU
		{DBE77B95-CF69-486B-960B-EC2C25D2D4FC}.Release|Any CPU.Build.0 = Release|Any CPU
		{AD0455C9-1929-4098-989F-DD7C4922F765}.Debug|Any CPU.ActiveCfg = Debug|Any CPU
		{AD0455C9-1929-4098-989F-DD7C4922F765}.Debug|Any CPU.Build.0 = Debug|Any CPU
		{AD0455C9-1929-4098-989F-DD7C4922F765}.Release|Any CPU.ActiveCfg = Release|Any CPU
		{AD0455C9-1929-4098-989F-DD7C4922F765}.Release|Any CPU.Build.0 = Release|Any CPU
		{551D51F6-F8BA-4A97-9946-B68FEAFB79FA}.Debug|Any CPU.ActiveCfg = Debug|Any CPU
		{551D51F6-F8BA-4A97-9946-B68FEAFB79FA}.Debug|Any CPU.Build.0 = Debug|Any CPU
		{551D51F6-F8BA-4A97-9946-B68FEAFB79FA}.Release|Any CPU.ActiveCfg = Release|Any CPU
		{551D51F6-F8BA-4A97-9946-B68FEAFB79FA}.Release|Any CPU.Build.0 = Release|Any CPU
		{23BE0FA2-8405-409D-9798-EDDBE40BFD02}.Debug|Any CPU.ActiveCfg = Debug|Any CPU
		{23BE0FA2-8405-409D-9798-EDDBE40BFD02}.Debug|Any CPU.Build.0 = Debug|Any CPU
		{23BE0FA2-8405-409D-9798-EDDBE40BFD02}.Release|Any CPU.ActiveCfg = Release|Any CPU
		{23BE0FA2-8405-409D-9798-EDDBE40BFD02}.Release|Any CPU.Build.0 = Release|Any CPU
		{98D44F64-2B69-40E8-A9D0-8E8EF34D42D6}.Debug|Any CPU.ActiveCfg = Debug|Any CPU
		{98D44F64-2B69-40E8-A9D0-8E8EF34D42D6}.Debug|Any CPU.Build.0 = Debug|Any CPU
		{98D44F64-2B69-40E8-A9D0-8E8EF34D42D6}.Release|Any CPU.ActiveCfg = Release|Any CPU
		{98D44F64-2B69-40E8-A9D0-8E8EF34D42D6}.Release|Any CPU.Build.0 = Release|Any CPU
		{C2431479-A3B7-4CE6-9647-810860E258A3}.Debug|Any CPU.ActiveCfg = Debug|Any CPU
		{C2431479-A3B7-4CE6-9647-810860E258A3}.Debug|Any CPU.Build.0 = Debug|Any CPU
		{C2431479-A3B7-4CE6-9647-810860E258A3}.Release|Any CPU.ActiveCfg = Release|Any CPU
		{C2431479-A3B7-4CE6-9647-810860E258A3}.Release|Any CPU.Build.0 = Release|Any CPU
		{50A3BB2B-D344-4D76-9EA8-24FE0168509E}.Debug|Any CPU.ActiveCfg = Debug|Any CPU
		{50A3BB2B-D344-4D76-9EA8-24FE0168509E}.Debug|Any CPU.Build.0 = Debug|Any CPU
		{50A3BB2B-D344-4D76-9EA8-24FE0168509E}.Release|Any CPU.ActiveCfg = Release|Any CPU
		{50A3BB2B-D344-4D76-9EA8-24FE0168509E}.Release|Any CPU.Build.0 = Release|Any CPU
		{D963EC7D-18C2-4AF8-A6EB-9852C9563BBB}.Debug|Any CPU.ActiveCfg = Debug|Any CPU
		{D963EC7D-18C2-4AF8-A6EB-9852C9563BBB}.Debug|Any CPU.Build.0 = Debug|Any CPU
		{D963EC7D-18C2-4AF8-A6EB-9852C9563BBB}.Release|Any CPU.ActiveCfg = Release|Any CPU
		{D963EC7D-18C2-4AF8-A6EB-9852C9563BBB}.Release|Any CPU.Build.0 = Release|Any CPU
		{D2ADF6DA-3D27-4FC2-832C-CA9A3283C6A7}.Debug|Any CPU.ActiveCfg = Debug|Any CPU
		{D2ADF6DA-3D27-4FC2-832C-CA9A3283C6A7}.Debug|Any CPU.Build.0 = Debug|Any CPU
		{D2ADF6DA-3D27-4FC2-832C-CA9A3283C6A7}.Release|Any CPU.ActiveCfg = Release|Any CPU
		{D2ADF6DA-3D27-4FC2-832C-CA9A3283C6A7}.Release|Any CPU.Build.0 = Release|Any CPU
		{F235233E-0589-4465-9CF8-0DD9739D44A7}.Debug|Any CPU.ActiveCfg = Debug|Any CPU
		{F235233E-0589-4465-9CF8-0DD9739D44A7}.Debug|Any CPU.Build.0 = Debug|Any CPU
		{F235233E-0589-4465-9CF8-0DD9739D44A7}.Release|Any CPU.ActiveCfg = Release|Any CPU
		{F235233E-0589-4465-9CF8-0DD9739D44A7}.Release|Any CPU.Build.0 = Release|Any CPU
		{CC273253-234C-4ACB-8424-C376DE08EBE7}.Debug|Any CPU.ActiveCfg = Debug|Any CPU
		{CC273253-234C-4ACB-8424-C376DE08EBE7}.Debug|Any CPU.Build.0 = Debug|Any CPU
		{CC273253-234C-4ACB-8424-C376DE08EBE7}.Release|Any CPU.ActiveCfg = Release|Any CPU
		{CC273253-234C-4ACB-8424-C376DE08EBE7}.Release|Any CPU.Build.0 = Release|Any CPU
		{D03405BD-8061-41FA-BF96-43A0CD08C2B7}.Debug|Any CPU.ActiveCfg = Debug|Any CPU
		{D03405BD-8061-41FA-BF96-43A0CD08C2B7}.Debug|Any CPU.Build.0 = Debug|Any CPU
		{D03405BD-8061-41FA-BF96-43A0CD08C2B7}.Release|Any CPU.ActiveCfg = Release|Any CPU
		{D03405BD-8061-41FA-BF96-43A0CD08C2B7}.Release|Any CPU.Build.0 = Release|Any CPU
		{6F63A1CA-9E5D-4805-A516-29FC65534721}.Debug|Any CPU.ActiveCfg = Debug|Any CPU
		{6F63A1CA-9E5D-4805-A516-29FC65534721}.Debug|Any CPU.Build.0 = Debug|Any CPU
		{6F63A1CA-9E5D-4805-A516-29FC65534721}.Release|Any CPU.ActiveCfg = Release|Any CPU
		{6F63A1CA-9E5D-4805-A516-29FC65534721}.Release|Any CPU.Build.0 = Release|Any CPU
		{BF2384E0-2111-4E07-B9DD-041EBF12BA33}.Debug|Any CPU.ActiveCfg = Debug|Any CPU
		{BF2384E0-2111-4E07-B9DD-041EBF12BA33}.Debug|Any CPU.Build.0 = Debug|Any CPU
		{BF2384E0-2111-4E07-B9DD-041EBF12BA33}.Release|Any CPU.ActiveCfg = Release|Any CPU
		{BF2384E0-2111-4E07-B9DD-041EBF12BA33}.Release|Any CPU.Build.0 = Release|Any CPU
		{65D8459F-436A-4B56-9532-D7B076F5498A}.Debug|Any CPU.ActiveCfg = Debug|Any CPU
		{65D8459F-436A-4B56-9532-D7B076F5498A}.Debug|Any CPU.Build.0 = Debug|Any CPU
		{65D8459F-436A-4B56-9532-D7B076F5498A}.Release|Any CPU.ActiveCfg = Release|Any CPU
		{65D8459F-436A-4B56-9532-D7B076F5498A}.Release|Any CPU.Build.0 = Release|Any CPU
		{CA09D0CD-411C-40CC-8D38-B88731E843FD}.Debug|Any CPU.ActiveCfg = Debug|Any CPU
		{CA09D0CD-411C-40CC-8D38-B88731E843FD}.Debug|Any CPU.Build.0 = Debug|Any CPU
		{CA09D0CD-411C-40CC-8D38-B88731E843FD}.Release|Any CPU.ActiveCfg = Release|Any CPU
		{CA09D0CD-411C-40CC-8D38-B88731E843FD}.Release|Any CPU.Build.0 = Release|Any CPU
		{18BB96DC-093A-43CF-A7D5-F65C866E5EA2}.Debug|Any CPU.ActiveCfg = Debug|Any CPU
		{18BB96DC-093A-43CF-A7D5-F65C866E5EA2}.Debug|Any CPU.Build.0 = Debug|Any CPU
		{18BB96DC-093A-43CF-A7D5-F65C866E5EA2}.Release|Any CPU.ActiveCfg = Release|Any CPU
		{18BB96DC-093A-43CF-A7D5-F65C866E5EA2}.Release|Any CPU.Build.0 = Release|Any CPU
		{AB2BE87E-6AF7-4AF4-AFC4-4416846A88B1}.Debug|Any CPU.ActiveCfg = Debug|Any CPU
		{AB2BE87E-6AF7-4AF4-AFC4-4416846A88B1}.Debug|Any CPU.Build.0 = Debug|Any CPU
		{AB2BE87E-6AF7-4AF4-AFC4-4416846A88B1}.Release|Any CPU.ActiveCfg = Release|Any CPU
		{AB2BE87E-6AF7-4AF4-AFC4-4416846A88B1}.Release|Any CPU.Build.0 = Release|Any CPU
		{9C6FA84A-6490-4248-A7C0-359CE5A19A18}.Debug|Any CPU.ActiveCfg = Debug|Any CPU
		{9C6FA84A-6490-4248-A7C0-359CE5A19A18}.Debug|Any CPU.Build.0 = Debug|Any CPU
		{9C6FA84A-6490-4248-A7C0-359CE5A19A18}.Release|Any CPU.ActiveCfg = Release|Any CPU
		{9C6FA84A-6490-4248-A7C0-359CE5A19A18}.Release|Any CPU.Build.0 = Release|Any CPU
		{F7851537-11C0-495E-B607-C0A96F685C99}.Debug|Any CPU.ActiveCfg = Debug|Any CPU
		{F7851537-11C0-495E-B607-C0A96F685C99}.Debug|Any CPU.Build.0 = Debug|Any CPU
		{F7851537-11C0-495E-B607-C0A96F685C99}.Release|Any CPU.ActiveCfg = Release|Any CPU
		{F7851537-11C0-495E-B607-C0A96F685C99}.Release|Any CPU.Build.0 = Release|Any CPU
		{A6911589-BE51-458F-916A-7AAE40603F06}.Debug|Any CPU.ActiveCfg = Debug|Any CPU
		{A6911589-BE51-458F-916A-7AAE40603F06}.Debug|Any CPU.Build.0 = Debug|Any CPU
		{A6911589-BE51-458F-916A-7AAE40603F06}.Release|Any CPU.ActiveCfg = Release|Any CPU
		{A6911589-BE51-458F-916A-7AAE40603F06}.Release|Any CPU.Build.0 = Release|Any CPU
		{203BA5E3-F030-477D-B174-D1B5E62BFE3A}.Debug|Any CPU.ActiveCfg = Debug|Any CPU
		{203BA5E3-F030-477D-B174-D1B5E62BFE3A}.Debug|Any CPU.Build.0 = Debug|Any CPU
		{203BA5E3-F030-477D-B174-D1B5E62BFE3A}.Release|Any CPU.ActiveCfg = Release|Any CPU
		{203BA5E3-F030-477D-B174-D1B5E62BFE3A}.Release|Any CPU.Build.0 = Release|Any CPU
		{73C11CA4-C9EF-49A8-9444-D5F070A0CE45}.Debug|Any CPU.ActiveCfg = Debug|Any CPU
		{73C11CA4-C9EF-49A8-9444-D5F070A0CE45}.Debug|Any CPU.Build.0 = Debug|Any CPU
		{73C11CA4-C9EF-49A8-9444-D5F070A0CE45}.Release|Any CPU.ActiveCfg = Release|Any CPU
		{73C11CA4-C9EF-49A8-9444-D5F070A0CE45}.Release|Any CPU.Build.0 = Release|Any CPU
		{C4DC7400-09E3-446A-AAEA-FDBCBEE77DE5}.Debug|Any CPU.ActiveCfg = Debug|Any CPU
		{C4DC7400-09E3-446A-AAEA-FDBCBEE77DE5}.Debug|Any CPU.Build.0 = Debug|Any CPU
		{C4DC7400-09E3-446A-AAEA-FDBCBEE77DE5}.Release|Any CPU.ActiveCfg = Release|Any CPU
		{C4DC7400-09E3-446A-AAEA-FDBCBEE77DE5}.Release|Any CPU.Build.0 = Release|Any CPU
		{973C8CEC-691E-44F6-9750-17081C0C155B}.Debug|Any CPU.ActiveCfg = Debug|Any CPU
		{973C8CEC-691E-44F6-9750-17081C0C155B}.Debug|Any CPU.Build.0 = Debug|Any CPU
		{973C8CEC-691E-44F6-9750-17081C0C155B}.Release|Any CPU.ActiveCfg = Release|Any CPU
		{973C8CEC-691E-44F6-9750-17081C0C155B}.Release|Any CPU.Build.0 = Release|Any CPU
		{23A9C51D-2DA5-4D60-B6E4-A096807C6E4E}.Debug|Any CPU.ActiveCfg = Debug|Any CPU
		{23A9C51D-2DA5-4D60-B6E4-A096807C6E4E}.Debug|Any CPU.Build.0 = Debug|Any CPU
		{23A9C51D-2DA5-4D60-B6E4-A096807C6E4E}.Release|Any CPU.ActiveCfg = Release|Any CPU
		{23A9C51D-2DA5-4D60-B6E4-A096807C6E4E}.Release|Any CPU.Build.0 = Release|Any CPU
		{3019BA80-5F23-4629-9D54-955C97DE9E43}.Debug|Any CPU.ActiveCfg = Debug|Any CPU
		{3019BA80-5F23-4629-9D54-955C97DE9E43}.Debug|Any CPU.Build.0 = Debug|Any CPU
		{3019BA80-5F23-4629-9D54-955C97DE9E43}.Release|Any CPU.ActiveCfg = Release|Any CPU
		{3019BA80-5F23-4629-9D54-955C97DE9E43}.Release|Any CPU.Build.0 = Release|Any CPU
		{735DA540-DA02-423D-915C-95A709CD4DAE}.Debug|Any CPU.ActiveCfg = Debug|Any CPU
		{735DA540-DA02-423D-915C-95A709CD4DAE}.Debug|Any CPU.Build.0 = Debug|Any CPU
		{735DA540-DA02-423D-915C-95A709CD4DAE}.Release|Any CPU.ActiveCfg = Release|Any CPU
		{735DA540-DA02-423D-915C-95A709CD4DAE}.Release|Any CPU.Build.0 = Release|Any CPU
		{F1426A47-0D20-4205-A63B-7ED5E6CF758A}.Debug|Any CPU.ActiveCfg = Debug|Any CPU
		{F1426A47-0D20-4205-A63B-7ED5E6CF758A}.Debug|Any CPU.Build.0 = Debug|Any CPU
		{F1426A47-0D20-4205-A63B-7ED5E6CF758A}.Release|Any CPU.ActiveCfg = Release|Any CPU
		{F1426A47-0D20-4205-A63B-7ED5E6CF758A}.Release|Any CPU.Build.0 = Release|Any CPU
		{AF25CE4A-6AB9-415D-8B32-E825FED96457}.Debug|Any CPU.ActiveCfg = Debug|Any CPU
		{AF25CE4A-6AB9-415D-8B32-E825FED96457}.Debug|Any CPU.Build.0 = Debug|Any CPU
		{AF25CE4A-6AB9-415D-8B32-E825FED96457}.Release|Any CPU.ActiveCfg = Release|Any CPU
		{AF25CE4A-6AB9-415D-8B32-E825FED96457}.Release|Any CPU.Build.0 = Release|Any CPU
		{4E8D7103-8C66-4DBE-97E0-2EFD0C034266}.Debug|Any CPU.ActiveCfg = Debug|Any CPU
		{4E8D7103-8C66-4DBE-97E0-2EFD0C034266}.Debug|Any CPU.Build.0 = Debug|Any CPU
		{4E8D7103-8C66-4DBE-97E0-2EFD0C034266}.Release|Any CPU.ActiveCfg = Release|Any CPU
		{4E8D7103-8C66-4DBE-97E0-2EFD0C034266}.Release|Any CPU.Build.0 = Release|Any CPU
		{FB17A150-A324-4A66-B7E1-1F6ECD05EBE0}.Debug|Any CPU.ActiveCfg = Debug|Any CPU
		{FB17A150-A324-4A66-B7E1-1F6ECD05EBE0}.Debug|Any CPU.Build.0 = Debug|Any CPU
		{FB17A150-A324-4A66-B7E1-1F6ECD05EBE0}.Release|Any CPU.ActiveCfg = Release|Any CPU
		{FB17A150-A324-4A66-B7E1-1F6ECD05EBE0}.Release|Any CPU.Build.0 = Release|Any CPU
		{54F165DF-8D99-4472-B1F7-2DC3C643EFF0}.Debug|Any CPU.ActiveCfg = Debug|Any CPU
		{54F165DF-8D99-4472-B1F7-2DC3C643EFF0}.Debug|Any CPU.Build.0 = Debug|Any CPU
		{54F165DF-8D99-4472-B1F7-2DC3C643EFF0}.Release|Any CPU.ActiveCfg = Release|Any CPU
		{54F165DF-8D99-4472-B1F7-2DC3C643EFF0}.Release|Any CPU.Build.0 = Release|Any CPU
		{3A8EE83E-FF31-4357-B347-D21DF82DA313}.Debug|Any CPU.ActiveCfg = Debug|Any CPU
		{3A8EE83E-FF31-4357-B347-D21DF82DA313}.Debug|Any CPU.Build.0 = Debug|Any CPU
		{3A8EE83E-FF31-4357-B347-D21DF82DA313}.Release|Any CPU.ActiveCfg = Release|Any CPU
		{3A8EE83E-FF31-4357-B347-D21DF82DA313}.Release|Any CPU.Build.0 = Release|Any CPU
		{DA21A884-7B8A-41BD-9B16-6797E98B83CE}.Debug|Any CPU.ActiveCfg = Debug|Any CPU
		{DA21A884-7B8A-41BD-9B16-6797E98B83CE}.Debug|Any CPU.Build.0 = Debug|Any CPU
		{DA21A884-7B8A-41BD-9B16-6797E98B83CE}.Release|Any CPU.ActiveCfg = Release|Any CPU
		{DA21A884-7B8A-41BD-9B16-6797E98B83CE}.Release|Any CPU.Build.0 = Release|Any CPU
		{E6CAA65D-F1A0-4C74-BB65-BDF2A78D5843}.Debug|Any CPU.ActiveCfg = Debug|Any CPU
		{E6CAA65D-F1A0-4C74-BB65-BDF2A78D5843}.Debug|Any CPU.Build.0 = Debug|Any CPU
		{E6CAA65D-F1A0-4C74-BB65-BDF2A78D5843}.Release|Any CPU.ActiveCfg = Release|Any CPU
		{E6CAA65D-F1A0-4C74-BB65-BDF2A78D5843}.Release|Any CPU.Build.0 = Release|Any CPU
		{CF535047-181B-428B-B3AE-0BEDC79A46A3}.Debug|Any CPU.ActiveCfg = Debug|Any CPU
		{CF535047-181B-428B-B3AE-0BEDC79A46A3}.Debug|Any CPU.Build.0 = Debug|Any CPU
		{CF535047-181B-428B-B3AE-0BEDC79A46A3}.Release|Any CPU.ActiveCfg = Release|Any CPU
		{CF535047-181B-428B-B3AE-0BEDC79A46A3}.Release|Any CPU.Build.0 = Release|Any CPU
		{8E8ED41E-C16C-4014-849B-A12984F06CBE}.Debug|Any CPU.ActiveCfg = Debug|Any CPU
		{8E8ED41E-C16C-4014-849B-A12984F06CBE}.Debug|Any CPU.Build.0 = Debug|Any CPU
		{8E8ED41E-C16C-4014-849B-A12984F06CBE}.Release|Any CPU.ActiveCfg = Release|Any CPU
		{8E8ED41E-C16C-4014-849B-A12984F06CBE}.Release|Any CPU.Build.0 = Release|Any CPU
		{2B0221B6-5127-4758-994C-5DA21CACC7F6}.Debug|Any CPU.ActiveCfg = Debug|Any CPU
		{2B0221B6-5127-4758-994C-5DA21CACC7F6}.Debug|Any CPU.Build.0 = Debug|Any CPU
		{2B0221B6-5127-4758-994C-5DA21CACC7F6}.Release|Any CPU.ActiveCfg = Release|Any CPU
		{2B0221B6-5127-4758-994C-5DA21CACC7F6}.Release|Any CPU.Build.0 = Release|Any CPU
		{6E256C48-2C10-4FDF-A7E5-135418C10CA7}.Debug|Any CPU.ActiveCfg = Debug|Any CPU
		{6E256C48-2C10-4FDF-A7E5-135418C10CA7}.Debug|Any CPU.Build.0 = Debug|Any CPU
		{6E256C48-2C10-4FDF-A7E5-135418C10CA7}.Release|Any CPU.ActiveCfg = Release|Any CPU
		{6E256C48-2C10-4FDF-A7E5-135418C10CA7}.Release|Any CPU.Build.0 = Release|Any CPU
		{778A3265-4F3B-4F56-B529-4F1A77245FB2}.Debug|Any CPU.ActiveCfg = Debug|Any CPU
		{778A3265-4F3B-4F56-B529-4F1A77245FB2}.Debug|Any CPU.Build.0 = Debug|Any CPU
		{778A3265-4F3B-4F56-B529-4F1A77245FB2}.Release|Any CPU.ActiveCfg = Release|Any CPU
		{778A3265-4F3B-4F56-B529-4F1A77245FB2}.Release|Any CPU.Build.0 = Release|Any CPU
		{F15824DA-1625-428B-B5F1-DD1E6D12AF9A}.Debug|Any CPU.ActiveCfg = Debug|Any CPU
		{F15824DA-1625-428B-B5F1-DD1E6D12AF9A}.Debug|Any CPU.Build.0 = Debug|Any CPU
		{F15824DA-1625-428B-B5F1-DD1E6D12AF9A}.Release|Any CPU.ActiveCfg = Release|Any CPU
		{F15824DA-1625-428B-B5F1-DD1E6D12AF9A}.Release|Any CPU.Build.0 = Release|Any CPU
		{5926BA76-A36C-4BA1-BCEE-67A8A43245BB}.Debug|Any CPU.ActiveCfg = Debug|Any CPU
		{5926BA76-A36C-4BA1-BCEE-67A8A43245BB}.Debug|Any CPU.Build.0 = Debug|Any CPU
		{5926BA76-A36C-4BA1-BCEE-67A8A43245BB}.Release|Any CPU.ActiveCfg = Release|Any CPU
		{5926BA76-A36C-4BA1-BCEE-67A8A43245BB}.Release|Any CPU.Build.0 = Release|Any CPU
		{95C6FDDF-A2DB-4B42-8050-B1ABF201C7CB}.Debug|Any CPU.ActiveCfg = Debug|Any CPU
		{95C6FDDF-A2DB-4B42-8050-B1ABF201C7CB}.Debug|Any CPU.Build.0 = Debug|Any CPU
		{95C6FDDF-A2DB-4B42-8050-B1ABF201C7CB}.Release|Any CPU.ActiveCfg = Release|Any CPU
		{95C6FDDF-A2DB-4B42-8050-B1ABF201C7CB}.Release|Any CPU.Build.0 = Release|Any CPU
		{7318AD26-12D1-48E9-8578-BE5C270C639D}.Debug|Any CPU.ActiveCfg = Debug|Any CPU
		{7318AD26-12D1-48E9-8578-BE5C270C639D}.Debug|Any CPU.Build.0 = Debug|Any CPU
		{7318AD26-12D1-48E9-8578-BE5C270C639D}.Release|Any CPU.ActiveCfg = Release|Any CPU
		{7318AD26-12D1-48E9-8578-BE5C270C639D}.Release|Any CPU.Build.0 = Release|Any CPU
		{296CD0EA-42D0-45D9-9846-AF5303AD55F8}.Debug|Any CPU.ActiveCfg = Debug|Any CPU
		{296CD0EA-42D0-45D9-9846-AF5303AD55F8}.Debug|Any CPU.Build.0 = Debug|Any CPU
		{296CD0EA-42D0-45D9-9846-AF5303AD55F8}.Release|Any CPU.ActiveCfg = Release|Any CPU
		{296CD0EA-42D0-45D9-9846-AF5303AD55F8}.Release|Any CPU.Build.0 = Release|Any CPU
		{14A7607F-3BC8-4FCA-9D1C-3CC3666BF66A}.Debug|Any CPU.ActiveCfg = Debug|Any CPU
		{14A7607F-3BC8-4FCA-9D1C-3CC3666BF66A}.Debug|Any CPU.Build.0 = Debug|Any CPU
		{14A7607F-3BC8-4FCA-9D1C-3CC3666BF66A}.Release|Any CPU.ActiveCfg = Release|Any CPU
		{14A7607F-3BC8-4FCA-9D1C-3CC3666BF66A}.Release|Any CPU.Build.0 = Release|Any CPU
		{31F31F51-9A90-418B-812A-F4B8275FF25C}.Debug|Any CPU.ActiveCfg = Debug|Any CPU
		{31F31F51-9A90-418B-812A-F4B8275FF25C}.Debug|Any CPU.Build.0 = Debug|Any CPU
		{31F31F51-9A90-418B-812A-F4B8275FF25C}.Release|Any CPU.ActiveCfg = Release|Any CPU
		{31F31F51-9A90-418B-812A-F4B8275FF25C}.Release|Any CPU.Build.0 = Release|Any CPU
		{F1B1A9AF-D1E0-42C8-8536-17BF1F25D1F4}.Debug|Any CPU.ActiveCfg = Debug|Any CPU
		{F1B1A9AF-D1E0-42C8-8536-17BF1F25D1F4}.Debug|Any CPU.Build.0 = Debug|Any CPU
		{F1B1A9AF-D1E0-42C8-8536-17BF1F25D1F4}.Release|Any CPU.ActiveCfg = Release|Any CPU
		{F1B1A9AF-D1E0-42C8-8536-17BF1F25D1F4}.Release|Any CPU.Build.0 = Release|Any CPU
		{6B286862-124D-46B5-AAE1-AACC06D8C2A8}.Debug|Any CPU.ActiveCfg = Debug|Any CPU
		{6B286862-124D-46B5-AAE1-AACC06D8C2A8}.Debug|Any CPU.Build.0 = Debug|Any CPU
		{6B286862-124D-46B5-AAE1-AACC06D8C2A8}.Release|Any CPU.ActiveCfg = Release|Any CPU
		{6B286862-124D-46B5-AAE1-AACC06D8C2A8}.Release|Any CPU.Build.0 = Release|Any CPU
		{13B59195-019D-4629-A365-E6AB25DD0613}.Debug|Any CPU.ActiveCfg = Debug|Any CPU
		{13B59195-019D-4629-A365-E6AB25DD0613}.Debug|Any CPU.Build.0 = Debug|Any CPU
		{13B59195-019D-4629-A365-E6AB25DD0613}.Release|Any CPU.ActiveCfg = Release|Any CPU
		{13B59195-019D-4629-A365-E6AB25DD0613}.Release|Any CPU.Build.0 = Release|Any CPU
		{B2D74271-BF35-433A-8338-E1E807D0CACD}.Debug|Any CPU.ActiveCfg = Debug|Any CPU
		{B2D74271-BF35-433A-8338-E1E807D0CACD}.Debug|Any CPU.Build.0 = Debug|Any CPU
		{B2D74271-BF35-433A-8338-E1E807D0CACD}.Release|Any CPU.ActiveCfg = Release|Any CPU
		{B2D74271-BF35-433A-8338-E1E807D0CACD}.Release|Any CPU.Build.0 = Release|Any CPU
		{7CC4EFAB-54E5-4187-97C6-D9B8E14B8667}.Debug|Any CPU.ActiveCfg = Debug|Any CPU
		{7CC4EFAB-54E5-4187-97C6-D9B8E14B8667}.Debug|Any CPU.Build.0 = Debug|Any CPU
		{7CC4EFAB-54E5-4187-97C6-D9B8E14B8667}.Release|Any CPU.ActiveCfg = Release|Any CPU
		{7CC4EFAB-54E5-4187-97C6-D9B8E14B8667}.Release|Any CPU.Build.0 = Release|Any CPU
		{B80F4DB7-76AE-4421-9C63-8F61881B4376}.Debug|Any CPU.ActiveCfg = Debug|Any CPU
		{B80F4DB7-76AE-4421-9C63-8F61881B4376}.Debug|Any CPU.Build.0 = Debug|Any CPU
		{B80F4DB7-76AE-4421-9C63-8F61881B4376}.Release|Any CPU.ActiveCfg = Release|Any CPU
		{B80F4DB7-76AE-4421-9C63-8F61881B4376}.Release|Any CPU.Build.0 = Release|Any CPU
		{317291E9-C17D-4E40-9F8C-ED0230870C29}.Debug|Any CPU.ActiveCfg = Debug|Any CPU
		{317291E9-C17D-4E40-9F8C-ED0230870C29}.Debug|Any CPU.Build.0 = Debug|Any CPU
		{317291E9-C17D-4E40-9F8C-ED0230870C29}.Release|Any CPU.ActiveCfg = Release|Any CPU
		{317291E9-C17D-4E40-9F8C-ED0230870C29}.Release|Any CPU.Build.0 = Release|Any CPU
		{5549D402-5565-448D-9848-08201011DF0D}.Debug|Any CPU.ActiveCfg = Debug|Any CPU
		{5549D402-5565-448D-9848-08201011DF0D}.Debug|Any CPU.Build.0 = Debug|Any CPU
		{5549D402-5565-448D-9848-08201011DF0D}.Release|Any CPU.ActiveCfg = Release|Any CPU
		{5549D402-5565-448D-9848-08201011DF0D}.Release|Any CPU.Build.0 = Release|Any CPU
		{71BB519A-05D9-4237-8849-25E020D35826}.Debug|Any CPU.ActiveCfg = Debug|Any CPU
		{71BB519A-05D9-4237-8849-25E020D35826}.Debug|Any CPU.Build.0 = Debug|Any CPU
		{71BB519A-05D9-4237-8849-25E020D35826}.Release|Any CPU.ActiveCfg = Release|Any CPU
		{71BB519A-05D9-4237-8849-25E020D35826}.Release|Any CPU.Build.0 = Release|Any CPU
		{82773318-50B0-4295-9CCD-DFFE82B79F38}.Debug|Any CPU.ActiveCfg = Debug|Any CPU
		{82773318-50B0-4295-9CCD-DFFE82B79F38}.Debug|Any CPU.Build.0 = Debug|Any CPU
		{82773318-50B0-4295-9CCD-DFFE82B79F38}.Release|Any CPU.ActiveCfg = Release|Any CPU
		{82773318-50B0-4295-9CCD-DFFE82B79F38}.Release|Any CPU.Build.0 = Release|Any CPU
		{2863E150-AF9C-4B55-948D-CDFDD100923F}.Debug|Any CPU.ActiveCfg = Debug|Any CPU
		{2863E150-AF9C-4B55-948D-CDFDD100923F}.Debug|Any CPU.Build.0 = Debug|Any CPU
		{2863E150-AF9C-4B55-948D-CDFDD100923F}.Release|Any CPU.ActiveCfg = Release|Any CPU
		{2863E150-AF9C-4B55-948D-CDFDD100923F}.Release|Any CPU.Build.0 = Release|Any CPU
		{67CE66D8-ADA8-4660-B42F-5BE68650A0E2}.Debug|Any CPU.ActiveCfg = Debug|Any CPU
		{67CE66D8-ADA8-4660-B42F-5BE68650A0E2}.Debug|Any CPU.Build.0 = Debug|Any CPU
		{67CE66D8-ADA8-4660-B42F-5BE68650A0E2}.Release|Any CPU.ActiveCfg = Release|Any CPU
		{67CE66D8-ADA8-4660-B42F-5BE68650A0E2}.Release|Any CPU.Build.0 = Release|Any CPU
		{280E6BF7-7299-4091-B5D0-A85D7649F66E}.Debug|Any CPU.ActiveCfg = Debug|Any CPU
		{280E6BF7-7299-4091-B5D0-A85D7649F66E}.Debug|Any CPU.Build.0 = Debug|Any CPU
		{280E6BF7-7299-4091-B5D0-A85D7649F66E}.Release|Any CPU.ActiveCfg = Release|Any CPU
		{280E6BF7-7299-4091-B5D0-A85D7649F66E}.Release|Any CPU.Build.0 = Release|Any CPU
		{1480632F-A1D0-460B-97EF-B48F0720CC2A}.Debug|Any CPU.ActiveCfg = Debug|Any CPU
		{1480632F-A1D0-460B-97EF-B48F0720CC2A}.Debug|Any CPU.Build.0 = Debug|Any CPU
		{1480632F-A1D0-460B-97EF-B48F0720CC2A}.Release|Any CPU.ActiveCfg = Release|Any CPU
		{1480632F-A1D0-460B-97EF-B48F0720CC2A}.Release|Any CPU.Build.0 = Release|Any CPU
		{5EEC4233-B7DC-4424-A28D-4F58029BE6F2}.Debug|Any CPU.ActiveCfg = Debug|Any CPU
		{5EEC4233-B7DC-4424-A28D-4F58029BE6F2}.Debug|Any CPU.Build.0 = Debug|Any CPU
		{5EEC4233-B7DC-4424-A28D-4F58029BE6F2}.Release|Any CPU.ActiveCfg = Release|Any CPU
		{5EEC4233-B7DC-4424-A28D-4F58029BE6F2}.Release|Any CPU.Build.0 = Release|Any CPU
		{BA73A9A8-A68E-4B50-B4BF-21C9D86B96AA}.Debug|Any CPU.ActiveCfg = Debug|Any CPU
		{BA73A9A8-A68E-4B50-B4BF-21C9D86B96AA}.Debug|Any CPU.Build.0 = Debug|Any CPU
		{BA73A9A8-A68E-4B50-B4BF-21C9D86B96AA}.Release|Any CPU.ActiveCfg = Release|Any CPU
		{BA73A9A8-A68E-4B50-B4BF-21C9D86B96AA}.Release|Any CPU.Build.0 = Release|Any CPU
		{0BA24ADB-1AE4-47E1-B4E2-66BDB050DE44}.Debug|Any CPU.ActiveCfg = Debug|Any CPU
		{0BA24ADB-1AE4-47E1-B4E2-66BDB050DE44}.Debug|Any CPU.Build.0 = Debug|Any CPU
		{0BA24ADB-1AE4-47E1-B4E2-66BDB050DE44}.Release|Any CPU.ActiveCfg = Release|Any CPU
		{0BA24ADB-1AE4-47E1-B4E2-66BDB050DE44}.Release|Any CPU.Build.0 = Release|Any CPU
		{12FAA1F6-DF25-4DE0-9353-3767E6DC6937}.Debug|Any CPU.ActiveCfg = Debug|Any CPU
		{12FAA1F6-DF25-4DE0-9353-3767E6DC6937}.Debug|Any CPU.Build.0 = Debug|Any CPU
		{12FAA1F6-DF25-4DE0-9353-3767E6DC6937}.Release|Any CPU.ActiveCfg = Release|Any CPU
		{12FAA1F6-DF25-4DE0-9353-3767E6DC6937}.Release|Any CPU.Build.0 = Release|Any CPU
		{CB741FE7-F056-489B-9115-05FCA9C4AB76}.Debug|Any CPU.ActiveCfg = Debug|Any CPU
		{CB741FE7-F056-489B-9115-05FCA9C4AB76}.Debug|Any CPU.Build.0 = Debug|Any CPU
		{CB741FE7-F056-489B-9115-05FCA9C4AB76}.Release|Any CPU.ActiveCfg = Release|Any CPU
		{CB741FE7-F056-489B-9115-05FCA9C4AB76}.Release|Any CPU.Build.0 = Release|Any CPU
		{F133597C-286F-4935-961D-927F59A1B61B}.Debug|Any CPU.ActiveCfg = Debug|Any CPU
		{F133597C-286F-4935-961D-927F59A1B61B}.Debug|Any CPU.Build.0 = Debug|Any CPU
		{F133597C-286F-4935-961D-927F59A1B61B}.Release|Any CPU.ActiveCfg = Release|Any CPU
		{F133597C-286F-4935-961D-927F59A1B61B}.Release|Any CPU.Build.0 = Release|Any CPU
		{ACC89182-8878-41D9-8EE0-6ED8D79D1851}.Debug|Any CPU.ActiveCfg = Debug|Any CPU
		{ACC89182-8878-41D9-8EE0-6ED8D79D1851}.Debug|Any CPU.Build.0 = Debug|Any CPU
		{ACC89182-8878-41D9-8EE0-6ED8D79D1851}.Release|Any CPU.ActiveCfg = Release|Any CPU
		{ACC89182-8878-41D9-8EE0-6ED8D79D1851}.Release|Any CPU.Build.0 = Release|Any CPU
	EndGlobalSection
	GlobalSection(SolutionProperties) = preSolution
		HideSolutionNode = FALSE
	EndGlobalSection
	GlobalSection(ExtensibilityGlobals) = postSolution
		SolutionGuid = {E2CDDFEA-95E9-4BD2-9D1D-5F078C537A0E}
	EndGlobalSection
EndGlobal
