
Microsoft Visual Studio Solution File, Format Version 12.00
# Visual Studio Version 17
VisualStudioVersion = 17.3.32901.215
MinimumVisualStudioVersion = 10.0.40219.1
Project("{9A19103F-16F7-4668-BE54-9A1E7A4F7556}") = "01.006", "01.006\01.006.csproj", "{1D13A430-C359-4EF1-9BCF-0C16DBDBA532}"
EndProject
Project("{9A19103F-16F7-4668-BE54-9A1E7A4F7556}") = "02.027", "02.027\02.027.csproj", "{DBE77B95-CF69-486B-960B-EC2C25D2D4FC}"
EndProject
Project("{9A19103F-16F7-4668-BE54-9A1E7A4F7556}") = "01.027", "01.027\01.027.csproj", "{AD0455C9-1929-4098-989F-DD7C4922F765}"
EndProject
Project("{9A19103F-16F7-4668-BE54-9A1E7A4F7556}") = "03.027", "03.027\03.027.csproj", "{551D51F6-F8BA-4A97-9946-B68FEAFB79FA}"
EndProject
Project("{9A19103F-16F7-4668-BE54-9A1E7A4F7556}") = "04.027", "04.027\04.027.csproj", "{23BE0FA2-8405-409D-9798-EDDBE40BFD02}"
EndProject
Project("{9A19103F-16F7-4668-BE54-9A1E7A4F7556}") = "05.027", "05.027\05.027.csproj", "{98D44F64-2B69-40E8-A9D0-8E8EF34D42D6}"
EndProject
Project("{9A19103F-16F7-4668-BE54-9A1E7A4F7556}") = "08.027", "08.027\08.027.csproj", "{C2431479-A3B7-4CE6-9647-810860E258A3}"
EndProject
Project("{9A19103F-16F7-4668-BE54-9A1E7A4F7556}") = "09.027", "09.027\09.027.csproj", "{50A3BB2B-D344-4D76-9EA8-24FE0168509E}"
EndProject
Project("{9A19103F-16F7-4668-BE54-9A1E7A4F7556}") = "10.027", "10.027\10.027.csproj", "{D963EC7D-18C2-4AF8-A6EB-9852C9563BBB}"
EndProject
Project("{9A19103F-16F7-4668-BE54-9A1E7A4F7556}") = "11.027", "11.027\11.027.csproj", "{D2ADF6DA-3D27-4FC2-832C-CA9A3283C6A7}"
EndProject
Project("{9A19103F-16F7-4668-BE54-9A1E7A4F7556}") = "12.027", "12.027\12.027.csproj", "{F235233E-0589-4465-9CF8-0DD9739D44A7}"
EndProject
Project("{9A19103F-16F7-4668-BE54-9A1E7A4F7556}") = "13.027", "13.027\13.027.csproj", "{CC273253-234C-4ACB-8424-C376DE08EBE7}"
EndProject
Project("{9A19103F-16F7-4668-BE54-9A1E7A4F7556}") = "01.057", "01.057\01.057.csproj", "{D03405BD-8061-41FA-BF96-43A0CD08C2B7}"
EndProject
Project("{9A19103F-16F7-4668-BE54-9A1E7A4F7556}") = "04.057", "04.057\04.057.csproj", "{6F63A1CA-9E5D-4805-A516-29FC65534721}"
EndProject
Project("{9A19103F-16F7-4668-BE54-9A1E7A4F7556}") = "04.087", "04.087\04.087.csproj", "{BF2384E0-2111-4E07-B9DD-041EBF12BA33}"
EndProject
Project("{9A19103F-16F7-4668-BE54-9A1E7A4F7556}") = "04.117", "04.117\04.117.csproj", "{65D8459F-436A-4B56-9532-D7B076F5498A}"
EndProject
Project("{9A19103F-16F7-4668-BE54-9A1E7A4F7556}") = "05.057", "05.057\05.057.csproj", "{CA09D0CD-411C-40CC-8D38-B88731E843FD}"
EndProject
Project("{FAE04EC0-301F-11D3-BF4B-00C04F79EFBC}") = "05.087", "05.087\05.087.csproj", "{18BB96DC-093A-43CF-A7D5-F65C866E5EA2}"
EndProject
Project("{FAE04EC0-301F-11D3-BF4B-00C04F79EFBC}") = "06.057", "06.057\06.057.csproj", "{AB2BE87E-6AF7-4AF4-AFC4-4416846A88B1}"
EndProject
Project("{FAE04EC0-301F-11D3-BF4B-00C04F79EFBC}") = "06.087", "06.087\06.087.csproj", "{9C6FA84A-6490-4248-A7C0-359CE5A19A18}"
EndProject
Project("{9A19103F-16F7-4668-BE54-9A1E7A4F7556}") = "07.057", "07.057\07.057.csproj", "{F7851537-11C0-495E-B607-C0A96F685C99}"
EndProject
Project("{9A19103F-16F7-4668-BE54-9A1E7A4F7556}") = "07.087", "07.087\07.087.csproj", "{A6911589-BE51-458F-916A-7AAE40603F06}"
EndProject
Project("{9A19103F-16F7-4668-BE54-9A1E7A4F7556}") = "07.117", "07.117\07.117.csproj", "{203BA5E3-F030-477D-B174-D1B5E62BFE3A}"
EndProject
Project("{9A19103F-16F7-4668-BE54-9A1E7A4F7556}") = "08.057", "08.057\08.057.csproj", "{73C11CA4-C9EF-49A8-9444-D5F070A0CE45}"
EndProject
Project("{9A19103F-16F7-4668-BE54-9A1E7A4F7556}") = "09.057", "09.057\09.057.csproj", "{C4DC7400-09E3-446A-AAEA-FDBCBEE77DE5}"
EndProject
Project("{9A19103F-16F7-4668-BE54-9A1E7A4F7556}") = "09.087", "09.087\09.087.csproj", "{973C8CEC-691E-44F6-9750-17081C0C155B}"
EndProject
Project("{9A19103F-16F7-4668-BE54-9A1E7A4F7556}") = "09.117", "09.117\09.117.csproj", "{23A9C51D-2DA5-4D60-B6E4-A096807C6E4E}"
EndProject
Project("{9A19103F-16F7-4668-BE54-9A1E7A4F7556}") = "09.147", "09.147\09.147.csproj", "{3019BA80-5F23-4629-9D54-955C97DE9E43}"
EndProject
Project("{9A19103F-16F7-4668-BE54-9A1E7A4F7556}") = "06.027", "06.027\06.027.csproj", "{735DA540-DA02-423D-915C-95A709CD4DAE}"
EndProject
Project("{9A19103F-16F7-4668-BE54-9A1E7A4F7556}") = "07.027", "07.027\07.027.csproj", "{F1426A47-0D20-4205-A63B-7ED5E6CF758A}"
EndProject
Project("{9A19103F-16F7-4668-BE54-9A1E7A4F7556}") = "11.087", "11.087\11.087.csproj", "{AF25CE4A-6AB9-415D-8B32-E825FED96457}"
EndProject
Project("{9A19103F-16F7-4668-BE54-9A1E7A4F7556}") = "11.057", "11.057\11.057.csproj", "{4E8D7103-8C66-4DBE-97E0-2EFD0C034266}"
EndProject
Project("{9A19103F-16F7-4668-BE54-9A1E7A4F7556}") = "10.057", "10.057\10.057.csproj", "{FB17A150-A324-4A66-B7E1-1F6ECD05EBE0}"
EndProject
Project("{9A19103F-16F7-4668-BE54-9A1E7A4F7556}") = "09.177", "09.177\09.177.csproj", "{54F165DF-8D99-4472-B1F7-2DC3C643EFF0}"
EndProject
Global
	GlobalSection(SolutionConfigurationPlatforms) = preSolution
		Debug|Any CPU = Debug|Any CPU
		Release|Any CPU = Release|Any CPU
	EndGlobalSection
	GlobalSection(ProjectConfigurationPlatforms) = postSolution
		{1D13A430-C359-4EF1-9BCF-0C16DBDBA532}.Debug|Any CPU.ActiveCfg = Debug|Any CPU
		{1D13A430-C359-4EF1-9BCF-0C16DBDBA532}.Debug|Any CPU.Build.0 = Debug|Any CPU
		{1D13A430-C359-4EF1-9BCF-0C16DBDBA532}.Release|Any CPU.ActiveCfg = Release|Any CPU
		{1D13A430-C359-4EF1-9BCF-0C16DBDBA532}.Release|Any CPU.Build.0 = Release|Any CPU
		{DBE77B95-CF69-486B-960B-EC2C25D2D4FC}.Debug|Any CPU.ActiveCfg = Debug|Any CPU
		{DBE77B95-CF69-486B-960B-EC2C25D2D4FC}.Debug|Any CPU.Build.0 = Debug|Any CPU
		{DBE77B95-CF69-486B-960B-EC2C25D2D4FC}.Release|Any CPU.ActiveCfg = Release|Any CPU
		{DBE77B95-CF69-486B-960B-EC2C25D2D4FC}.Release|Any CPU.Build.0 = Release|Any CPU
		{AD0455C9-1929-4098-989F-DD7C4922F765}.Debug|Any CPU.ActiveCfg = Debug|Any CPU
		{AD0455C9-1929-4098-989F-DD7C4922F765}.Debug|Any CPU.Build.0 = Debug|Any CPU
		{AD0455C9-1929-4098-989F-DD7C4922F765}.Release|Any CPU.ActiveCfg = Release|Any CPU
		{AD0455C9-1929-4098-989F-DD7C4922F765}.Release|Any CPU.Build.0 = Release|Any CPU
		{551D51F6-F8BA-4A97-9946-B68FEAFB79FA}.Debug|Any CPU.ActiveCfg = Debug|Any CPU
		{551D51F6-F8BA-4A97-9946-B68FEAFB79FA}.Debug|Any CPU.Build.0 = Debug|Any CPU
		{551D51F6-F8BA-4A97-9946-B68FEAFB79FA}.Release|Any CPU.ActiveCfg = Release|Any CPU
		{551D51F6-F8BA-4A97-9946-B68FEAFB79FA}.Release|Any CPU.Build.0 = Release|Any CPU
		{23BE0FA2-8405-409D-9798-EDDBE40BFD02}.Debug|Any CPU.ActiveCfg = Debug|Any CPU
		{23BE0FA2-8405-409D-9798-EDDBE40BFD02}.Debug|Any CPU.Build.0 = Debug|Any CPU
		{23BE0FA2-8405-409D-9798-EDDBE40BFD02}.Release|Any CPU.ActiveCfg = Release|Any CPU
		{23BE0FA2-8405-409D-9798-EDDBE40BFD02}.Release|Any CPU.Build.0 = Release|Any CPU
		{98D44F64-2B69-40E8-A9D0-8E8EF34D42D6}.Debug|Any CPU.ActiveCfg = Debug|Any CPU
		{98D44F64-2B69-40E8-A9D0-8E8EF34D42D6}.Debug|Any CPU.Build.0 = Debug|Any CPU
		{98D44F64-2B69-40E8-A9D0-8E8EF34D42D6}.Release|Any CPU.ActiveCfg = Release|Any CPU
		{98D44F64-2B69-40E8-A9D0-8E8EF34D42D6}.Release|Any CPU.Build.0 = Release|Any CPU
		{C2431479-A3B7-4CE6-9647-810860E258A3}.Debug|Any CPU.ActiveCfg = Debug|Any CPU
		{C2431479-A3B7-4CE6-9647-810860E258A3}.Debug|Any CPU.Build.0 = Debug|Any CPU
		{C2431479-A3B7-4CE6-9647-810860E258A3}.Release|Any CPU.ActiveCfg = Release|Any CPU
		{C2431479-A3B7-4CE6-9647-810860E258A3}.Release|Any CPU.Build.0 = Release|Any CPU
		{50A3BB2B-D344-4D76-9EA8-24FE0168509E}.Debug|Any CPU.ActiveCfg = Debug|Any CPU
		{50A3BB2B-D344-4D76-9EA8-24FE0168509E}.Debug|Any CPU.Build.0 = Debug|Any CPU
		{50A3BB2B-D344-4D76-9EA8-24FE0168509E}.Release|Any CPU.ActiveCfg = Release|Any CPU
		{50A3BB2B-D344-4D76-9EA8-24FE0168509E}.Release|Any CPU.Build.0 = Release|Any CPU
		{D963EC7D-18C2-4AF8-A6EB-9852C9563BBB}.Debug|Any CPU.ActiveCfg = Debug|Any CPU
		{D963EC7D-18C2-4AF8-A6EB-9852C9563BBB}.Debug|Any CPU.Build.0 = Debug|Any CPU
		{D963EC7D-18C2-4AF8-A6EB-9852C9563BBB}.Release|Any CPU.ActiveCfg = Release|Any CPU
		{D963EC7D-18C2-4AF8-A6EB-9852C9563BBB}.Release|Any CPU.Build.0 = Release|Any CPU
		{D2ADF6DA-3D27-4FC2-832C-CA9A3283C6A7}.Debug|Any CPU.ActiveCfg = Debug|Any CPU
		{D2ADF6DA-3D27-4FC2-832C-CA9A3283C6A7}.Debug|Any CPU.Build.0 = Debug|Any CPU
		{D2ADF6DA-3D27-4FC2-832C-CA9A3283C6A7}.Release|Any CPU.ActiveCfg = Release|Any CPU
		{D2ADF6DA-3D27-4FC2-832C-CA9A3283C6A7}.Release|Any CPU.Build.0 = Release|Any CPU
		{F235233E-0589-4465-9CF8-0DD9739D44A7}.Debug|Any CPU.ActiveCfg = Debug|Any CPU
		{F235233E-0589-4465-9CF8-0DD9739D44A7}.Debug|Any CPU.Build.0 = Debug|Any CPU
		{F235233E-0589-4465-9CF8-0DD9739D44A7}.Release|Any CPU.ActiveCfg = Release|Any CPU
		{F235233E-0589-4465-9CF8-0DD9739D44A7}.Release|Any CPU.Build.0 = Release|Any CPU
		{CC273253-234C-4ACB-8424-C376DE08EBE7}.Debug|Any CPU.ActiveCfg = Debug|Any CPU
		{CC273253-234C-4ACB-8424-C376DE08EBE7}.Debug|Any CPU.Build.0 = Debug|Any CPU
		{CC273253-234C-4ACB-8424-C376DE08EBE7}.Release|Any CPU.ActiveCfg = Release|Any CPU
		{CC273253-234C-4ACB-8424-C376DE08EBE7}.Release|Any CPU.Build.0 = Release|Any CPU
		{D03405BD-8061-41FA-BF96-43A0CD08C2B7}.Debug|Any CPU.ActiveCfg = Debug|Any CPU
		{D03405BD-8061-41FA-BF96-43A0CD08C2B7}.Debug|Any CPU.Build.0 = Debug|Any CPU
		{D03405BD-8061-41FA-BF96-43A0CD08C2B7}.Release|Any CPU.ActiveCfg = Release|Any CPU
		{D03405BD-8061-41FA-BF96-43A0CD08C2B7}.Release|Any CPU.Build.0 = Release|Any CPU
		{6F63A1CA-9E5D-4805-A516-29FC65534721}.Debug|Any CPU.ActiveCfg = Debug|Any CPU
		{6F63A1CA-9E5D-4805-A516-29FC65534721}.Debug|Any CPU.Build.0 = Debug|Any CPU
		{6F63A1CA-9E5D-4805-A516-29FC65534721}.Release|Any CPU.ActiveCfg = Release|Any CPU
		{6F63A1CA-9E5D-4805-A516-29FC65534721}.Release|Any CPU.Build.0 = Release|Any CPU
		{BF2384E0-2111-4E07-B9DD-041EBF12BA33}.Debug|Any CPU.ActiveCfg = Debug|Any CPU
		{BF2384E0-2111-4E07-B9DD-041EBF12BA33}.Debug|Any CPU.Build.0 = Debug|Any CPU
		{BF2384E0-2111-4E07-B9DD-041EBF12BA33}.Release|Any CPU.ActiveCfg = Release|Any CPU
		{BF2384E0-2111-4E07-B9DD-041EBF12BA33}.Release|Any CPU.Build.0 = Release|Any CPU
		{65D8459F-436A-4B56-9532-D7B076F5498A}.Debug|Any CPU.ActiveCfg = Debug|Any CPU
		{65D8459F-436A-4B56-9532-D7B076F5498A}.Debug|Any CPU.Build.0 = Debug|Any CPU
		{65D8459F-436A-4B56-9532-D7B076F5498A}.Release|Any CPU.ActiveCfg = Release|Any CPU
		{65D8459F-436A-4B56-9532-D7B076F5498A}.Release|Any CPU.Build.0 = Release|Any CPU
		{CA09D0CD-411C-40CC-8D38-B88731E843FD}.Debug|Any CPU.ActiveCfg = Debug|Any CPU
		{CA09D0CD-411C-40CC-8D38-B88731E843FD}.Debug|Any CPU.Build.0 = Debug|Any CPU
		{CA09D0CD-411C-40CC-8D38-B88731E843FD}.Release|Any CPU.ActiveCfg = Release|Any CPU
		{CA09D0CD-411C-40CC-8D38-B88731E843FD}.Release|Any CPU.Build.0 = Release|Any CPU
		{18BB96DC-093A-43CF-A7D5-F65C866E5EA2}.Debug|Any CPU.ActiveCfg = Debug|Any CPU
		{18BB96DC-093A-43CF-A7D5-F65C866E5EA2}.Debug|Any CPU.Build.0 = Debug|Any CPU
		{18BB96DC-093A-43CF-A7D5-F65C866E5EA2}.Release|Any CPU.ActiveCfg = Release|Any CPU
		{18BB96DC-093A-43CF-A7D5-F65C866E5EA2}.Release|Any CPU.Build.0 = Release|Any CPU
		{AB2BE87E-6AF7-4AF4-AFC4-4416846A88B1}.Debug|Any CPU.ActiveCfg = Debug|Any CPU
		{AB2BE87E-6AF7-4AF4-AFC4-4416846A88B1}.Debug|Any CPU.Build.0 = Debug|Any CPU
		{AB2BE87E-6AF7-4AF4-AFC4-4416846A88B1}.Release|Any CPU.ActiveCfg = Release|Any CPU
		{AB2BE87E-6AF7-4AF4-AFC4-4416846A88B1}.Release|Any CPU.Build.0 = Release|Any CPU
		{9C6FA84A-6490-4248-A7C0-359CE5A19A18}.Debug|Any CPU.ActiveCfg = Debug|Any CPU
		{9C6FA84A-6490-4248-A7C0-359CE5A19A18}.Debug|Any CPU.Build.0 = Debug|Any CPU
		{9C6FA84A-6490-4248-A7C0-359CE5A19A18}.Release|Any CPU.ActiveCfg = Release|Any CPU
		{9C6FA84A-6490-4248-A7C0-359CE5A19A18}.Release|Any CPU.Build.0 = Release|Any CPU
		{F7851537-11C0-495E-B607-C0A96F685C99}.Debug|Any CPU.ActiveCfg = Debug|Any CPU
		{F7851537-11C0-495E-B607-C0A96F685C99}.Debug|Any CPU.Build.0 = Debug|Any CPU
		{F7851537-11C0-495E-B607-C0A96F685C99}.Release|Any CPU.ActiveCfg = Release|Any CPU
		{F7851537-11C0-495E-B607-C0A96F685C99}.Release|Any CPU.Build.0 = Release|Any CPU
		{A6911589-BE51-458F-916A-7AAE40603F06}.Debug|Any CPU.ActiveCfg = Debug|Any CPU
		{A6911589-BE51-458F-916A-7AAE40603F06}.Debug|Any CPU.Build.0 = Debug|Any CPU
		{A6911589-BE51-458F-916A-7AAE40603F06}.Release|Any CPU.ActiveCfg = Release|Any CPU
		{A6911589-BE51-458F-916A-7AAE40603F06}.Release|Any CPU.Build.0 = Release|Any CPU
		{203BA5E3-F030-477D-B174-D1B5E62BFE3A}.Debug|Any CPU.ActiveCfg = Debug|Any CPU
		{203BA5E3-F030-477D-B174-D1B5E62BFE3A}.Debug|Any CPU.Build.0 = Debug|Any CPU
		{203BA5E3-F030-477D-B174-D1B5E62BFE3A}.Release|Any CPU.ActiveCfg = Release|Any CPU
		{203BA5E3-F030-477D-B174-D1B5E62BFE3A}.Release|Any CPU.Build.0 = Release|Any CPU
		{73C11CA4-C9EF-49A8-9444-D5F070A0CE45}.Debug|Any CPU.ActiveCfg = Debug|Any CPU
		{73C11CA4-C9EF-49A8-9444-D5F070A0CE45}.Debug|Any CPU.Build.0 = Debug|Any CPU
		{73C11CA4-C9EF-49A8-9444-D5F070A0CE45}.Release|Any CPU.ActiveCfg = Release|Any CPU
		{73C11CA4-C9EF-49A8-9444-D5F070A0CE45}.Release|Any CPU.Build.0 = Release|Any CPU
		{C4DC7400-09E3-446A-AAEA-FDBCBEE77DE5}.Debug|Any CPU.ActiveCfg = Debug|Any CPU
		{C4DC7400-09E3-446A-AAEA-FDBCBEE77DE5}.Debug|Any CPU.Build.0 = Debug|Any CPU
		{C4DC7400-09E3-446A-AAEA-FDBCBEE77DE5}.Release|Any CPU.ActiveCfg = Release|Any CPU
		{C4DC7400-09E3-446A-AAEA-FDBCBEE77DE5}.Release|Any CPU.Build.0 = Release|Any CPU
		{973C8CEC-691E-44F6-9750-17081C0C155B}.Debug|Any CPU.ActiveCfg = Debug|Any CPU
		{973C8CEC-691E-44F6-9750-17081C0C155B}.Debug|Any CPU.Build.0 = Debug|Any CPU
		{973C8CEC-691E-44F6-9750-17081C0C155B}.Release|Any CPU.ActiveCfg = Release|Any CPU
		{973C8CEC-691E-44F6-9750-17081C0C155B}.Release|Any CPU.Build.0 = Release|Any CPU
		{23A9C51D-2DA5-4D60-B6E4-A096807C6E4E}.Debug|Any CPU.ActiveCfg = Debug|Any CPU
		{23A9C51D-2DA5-4D60-B6E4-A096807C6E4E}.Debug|Any CPU.Build.0 = Debug|Any CPU
		{23A9C51D-2DA5-4D60-B6E4-A096807C6E4E}.Release|Any CPU.ActiveCfg = Release|Any CPU
		{23A9C51D-2DA5-4D60-B6E4-A096807C6E4E}.Release|Any CPU.Build.0 = Release|Any CPU
		{3019BA80-5F23-4629-9D54-955C97DE9E43}.Debug|Any CPU.ActiveCfg = Debug|Any CPU
		{3019BA80-5F23-4629-9D54-955C97DE9E43}.Debug|Any CPU.Build.0 = Debug|Any CPU
		{3019BA80-5F23-4629-9D54-955C97DE9E43}.Release|Any CPU.ActiveCfg = Release|Any CPU
		{3019BA80-5F23-4629-9D54-955C97DE9E43}.Release|Any CPU.Build.0 = Release|Any CPU
		{735DA540-DA02-423D-915C-95A709CD4DAE}.Debug|Any CPU.ActiveCfg = Debug|Any CPU
		{735DA540-DA02-423D-915C-95A709CD4DAE}.Debug|Any CPU.Build.0 = Debug|Any CPU
		{735DA540-DA02-423D-915C-95A709CD4DAE}.Release|Any CPU.ActiveCfg = Release|Any CPU
		{735DA540-DA02-423D-915C-95A709CD4DAE}.Release|Any CPU.Build.0 = Release|Any CPU
		{F1426A47-0D20-4205-A63B-7ED5E6CF758A}.Debug|Any CPU.ActiveCfg = Debug|Any CPU
		{F1426A47-0D20-4205-A63B-7ED5E6CF758A}.Debug|Any CPU.Build.0 = Debug|Any CPU
		{F1426A47-0D20-4205-A63B-7ED5E6CF758A}.Release|Any CPU.ActiveCfg = Release|Any CPU
		{F1426A47-0D20-4205-A63B-7ED5E6CF758A}.Release|Any CPU.Build.0 = Release|Any CPU
		{AF25CE4A-6AB9-415D-8B32-E825FED96457}.Debug|Any CPU.ActiveCfg = Debug|Any CPU
		{AF25CE4A-6AB9-415D-8B32-E825FED96457}.Debug|Any CPU.Build.0 = Debug|Any CPU
		{AF25CE4A-6AB9-415D-8B32-E825FED96457}.Release|Any CPU.ActiveCfg = Release|Any CPU
		{AF25CE4A-6AB9-415D-8B32-E825FED96457}.Release|Any CPU.Build.0 = Release|Any CPU
		{4E8D7103-8C66-4DBE-97E0-2EFD0C034266}.Debug|Any CPU.ActiveCfg = Debug|Any CPU
		{4E8D7103-8C66-4DBE-97E0-2EFD0C034266}.Debug|Any CPU.Build.0 = Debug|Any CPU
		{4E8D7103-8C66-4DBE-97E0-2EFD0C034266}.Release|Any CPU.ActiveCfg = Release|Any CPU
		{4E8D7103-8C66-4DBE-97E0-2EFD0C034266}.Release|Any CPU.Build.0 = Release|Any CPU
		{FB17A150-A324-4A66-B7E1-1F6ECD05EBE0}.Debug|Any CPU.ActiveCfg = Debug|Any CPU
		{FB17A150-A324-4A66-B7E1-1F6ECD05EBE0}.Debug|Any CPU.Build.0 = Debug|Any CPU
		{FB17A150-A324-4A66-B7E1-1F6ECD05EBE0}.Release|Any CPU.ActiveCfg = Release|Any CPU
		{FB17A150-A324-4A66-B7E1-1F6ECD05EBE0}.Release|Any CPU.Build.0 = Release|Any CPU
		{54F165DF-8D99-4472-B1F7-2DC3C643EFF0}.Debug|Any CPU.ActiveCfg = Debug|Any CPU
		{54F165DF-8D99-4472-B1F7-2DC3C643EFF0}.Debug|Any CPU.Build.0 = Debug|Any CPU
		{54F165DF-8D99-4472-B1F7-2DC3C643EFF0}.Release|Any CPU.ActiveCfg = Release|Any CPU
		{54F165DF-8D99-4472-B1F7-2DC3C643EFF0}.Release|Any CPU.Build.0 = Release|Any CPU
	EndGlobalSection
	GlobalSection(SolutionProperties) = preSolution
		HideSolutionNode = FALSE
	EndGlobalSection
	GlobalSection(ExtensibilityGlobals) = postSolution
		SolutionGuid = {E2CDDFEA-95E9-4BD2-9D1D-5F078C537A0E}
	EndGlobalSection
EndGlobal
